// !$*UTF8*$!
{
	archiveVersion = 1;
	classes = {
	};
	objectVersion = 63;
	objects = {

/* Begin PBXBuildFile section */
		02055F2270DD911818D2BF15 /* HomeView.swift in Sources */ = {isa = PBXBuildFile; fileRef = 434A9BE04FF22A37053190C8 /* HomeView.swift */; };
		10F7BF6E71522437793A04F9 /* LibraryView.swift in Sources */ = {isa = PBXBuildFile; fileRef = 6CE1E5494918AC8E6FABBA1C /* LibraryView.swift */; };
		12434F0D84964E88D817BBD4 /* Theme.swift in Sources */ = {isa = PBXBuildFile; fileRef = E6238362E02052D147F0B788 /* Theme.swift */; };
		20678B23B61A5CA19EEEB256 /* SettingsView.swift in Sources */ = {isa = PBXBuildFile; fileRef = D08000E539AE49B17D812A6D /* SettingsView.swift */; };
		5B7BCFA080C779C3F95CBAFA /* Book.swift in Sources */ = {isa = PBXBuildFile; fileRef = EDB299F76F972D9C2035716C /* Book.swift */; };
		64E485ED43BAF6716C1505D2 /* EscritaCriativaApp.swift in Sources */ = {isa = PBXBuildFile; fileRef = FA5CCE803FFB0CEFD686EEB2 /* EscritaCriativaApp.swift */; };
		67D2992F4DE5B19CCFEF8171 /* DeepSeekService.swift in Sources */ = {isa = PBXBuildFile; fileRef = 8A5C4D01A624D4AC9A5A55E5 /* DeepSeekService.swift */; };
		67F0FE28913A8AEDC42262FD /* ContentView.swift in Sources */ = {isa = PBXBuildFile; fileRef = EDBA4F99BF63B8D365B021CD /* ContentView.swift */; };
		799944873A1FB5B7582B4CD9 /* Tip.swift in Sources */ = {isa = PBXBuildFile; fileRef = 4002644ADAE60A3D20F75ED4 /* Tip.swift */; };
		7DA38393DD94BD2135C0901D /* PDFIngestionService.swift in Sources */ = {isa = PBXBuildFile; fileRef = C95F68AD12B8F446A6864017 /* PDFIngestionService.swift */; };
		866D94DFD82CEC5ED0C4E024 /* ChatMessage.swift in Sources */ = {isa = PBXBuildFile; fileRef = 1E89E0028391A2F50E200782 /* ChatMessage.swift */; };
		985C90D77B641150855B5EB7 /* NoteEditorView.swift in Sources */ = {isa = PBXBuildFile; fileRef = 9B123B9672109F02C471C275 /* NoteEditorView.swift */; };
		9CD6162B5DA4E310E74439DF /* CadernoView.swift in Sources */ = {isa = PBXBuildFile; fileRef = A82D81CD195DDD0AA4C39777 /* CadernoView.swift */; };
		A8119C0F9DAD2253A68CDD75 /* Note.swift in Sources */ = {isa = PBXBuildFile; fileRef = 1BF16BB001CBF3A2FEF0B41A /* Note.swift */; };
		AAFA790C318793C6EAB81896 /* TipsService.swift in Sources */ = {isa = PBXBuildFile; fileRef = F838B568DFF1DD495A291CA9 /* TipsService.swift */; };
		B9AC54DDA98849A0E14F4881 /* RAGService.swift in Sources */ = {isa = PBXBuildFile; fileRef = B5DDC93CE2D384B5B5F2D9FD /* RAGService.swift */; };
		C11BBC711C656707B4F33227 /* tips_iniciais.json in Resources */ = {isa = PBXBuildFile; fileRef = FD5A8AEF7D99CE694BA4F993 /* tips_iniciais.json */; };
		C317F59BD51FEB00B3105F28 /* BookChunk.swift in Sources */ = {isa = PBXBuildFile; fileRef = 85D079C3174A5C57D9854BC3 /* BookChunk.swift */; };
		CE94453AFE383009C6C24A09 /* ChatView.swift in Sources */ = {isa = PBXBuildFile; fileRef = 8A410C7AE315998B06B16911 /* ChatView.swift */; };
		E8C43C696C5D7971A063C871 /* KeychainService.swift in Sources */ = {isa = PBXBuildFile; fileRef = EECEA38074247E00D5217B3B /* KeychainService.swift */; };
		50F270E67398D653B1BD4C43 /* LiteraryExample.swift in Sources */ = {isa = PBXBuildFile; fileRef = 58F5448C9D448B9A8B3DD38B /* LiteraryExample.swift */; };
		678DB0935289197E25E24D83 /* LiteraryExamplesService.swift in Sources */ = {isa = PBXBuildFile; fileRef = 790BABF5AA2F90362BB68E69 /* LiteraryExamplesService.swift */; };
		9891B05B5817706CD8886511 /* LiteraryExampleSheet.swift in Sources */ = {isa = PBXBuildFile; fileRef = E7CE6516954B51367BFE1F7F /* LiteraryExampleSheet.swift */; };
		51B0059F36BBDD403B9F6010 /* literary_examples.json in Resources */ = {isa = PBXBuildFile; fileRef = 6078949DFFF0736A4DEF02C0 /* literary_examples.json */; };
		A4D6917FACE5DA89BA624030 /* Assets.xcassets in Resources */ = {isa = PBXBuildFile; fileRef = 680645DB9079456859A3D4A1 /* Assets.xcassets */; };
		A60951457A523A7059FA7ACC /* AppState.swift in Sources */ = {isa = PBXBuildFile; fileRef = 55A17BE1EDFA8DA71F0A1413 /* AppState.swift */; };
/* End PBXBuildFile section */

/* Begin PBXFileReference section */
		129FFD6BA40F270F046E7A08 /* EscritaCriativa.app */ = {isa = PBXFileReference; explicitFileType = wrapper.application; includeInIndex = 0; path = EscritaCriativa.app; sourceTree = BUILT_PRODUCTS_DIR; };
		1BF16BB001CBF3A2FEF0B41A /* Note.swift */ = {isa = PBXFileReference; lastKnownFileType = sourcecode.swift; path = Note.swift; sourceTree = "<group>"; };
		1E89E0028391A2F50E200782 /* ChatMessage.swift */ = {isa = PBXFileReference; lastKnownFileType = sourcecode.swift; path = ChatMessage.swift; sourceTree = "<group>"; };
		4002644ADAE60A3D20F75ED4 /* Tip.swift */ = {isa = PBXFileReference; lastKnownFileType = sourcecode.swift; path = Tip.swift; sourceTree = "<group>"; };
		434A9BE04FF22A37053190C8 /* HomeView.swift */ = {isa = PBXFileReference; lastKnownFileType = sourcecode.swift; path = HomeView.swift; sourceTree = "<group>"; };
		6CE1E5494918AC8E6FABBA1C /* LibraryView.swift */ = {isa = PBXFileReference; lastKnownFileType = sourcecode.swift; path = LibraryView.swift; sourceTree = "<group>"; };
		85D079C3174A5C57D9854BC3 /* BookChunk.swift */ = {isa = PBXFileReference; lastKnownFileType = sourcecode.swift; path = BookChunk.swift; sourceTree = "<group>"; };
		8A410C7AE315998B06B16911 /* ChatView.swift */ = {isa = PBXFileReference; lastKnownFileType = sourcecode.swift; path = ChatView.swift; sourceTree = "<group>"; };
		8A5C4D01A624D4AC9A5A55E5 /* DeepSeekService.swift */ = {isa = PBXFileReference; lastKnownFileType = sourcecode.swift; path = DeepSeekService.swift; sourceTree = "<group>"; };
		9B123B9672109F02C471C275 /* NoteEditorView.swift */ = {isa = PBXFileReference; lastKnownFileType = sourcecode.swift; path = NoteEditorView.swift; sourceTree = "<group>"; };
		9DD8C2AF368C6D63E018B5F1 /* Info.plist */ = {isa = PBXFileReference; lastKnownFileType = text.plist; path = Info.plist; sourceTree = "<group>"; };
		A82D81CD195DDD0AA4C39777 /* CadernoView.swift */ = {isa = PBXFileReference; lastKnownFileType = sourcecode.swift; path = CadernoView.swift; sourceTree = "<group>"; };
		B5DDC93CE2D384B5B5F2D9FD /* RAGService.swift */ = {isa = PBXFileReference; lastKnownFileType = sourcecode.swift; path = RAGService.swift; sourceTree = "<group>"; };
		C95F68AD12B8F446A6864017 /* PDFIngestionService.swift */ = {isa = PBXFileReference; lastKnownFileType = sourcecode.swift; path = PDFIngestionService.swift; sourceTree = "<group>"; };
		D08000E539AE49B17D812A6D /* SettingsView.swift */ = {isa = PBXFileReference; lastKnownFileType = sourcecode.swift; path = SettingsView.swift; sourceTree = "<group>"; };
		E6238362E02052D147F0B788 /* Theme.swift */ = {isa = PBXFileReference; lastKnownFileType = sourcecode.swift; path = Theme.swift; sourceTree = "<group>"; };
		EDB299F76F972D9C2035716C /* Book.swift */ = {isa = PBXFileReference; lastKnownFileType = sourcecode.swift; path = Book.swift; sourceTree = "<group>"; };
		EDBA4F99BF63B8D365B021CD /* ContentView.swift */ = {isa = PBXFileReference; lastKnownFileType = sourcecode.swift; path = ContentView.swift; sourceTree = "<group>"; };
		EECEA38074247E00D5217B3B /* KeychainService.swift */ = {isa = PBXFileReference; lastKnownFileType = sourcecode.swift; path = KeychainService.swift; sourceTree = "<group>"; };
		F838B568DFF1DD495A291CA9 /* TipsService.swift */ = {isa = PBXFileReference; lastKnownFileType = sourcecode.swift; path = TipsService.swift; sourceTree = "<group>"; };
		FA5CCE803FFB0CEFD686EEB2 /* EscritaCriativaApp.swift */ = {isa = PBXFileReference; lastKnownFileType = sourcecode.swift; path = EscritaCriativaApp.swift; sourceTree = "<group>"; };
		FD5A8AEF7D99CE694BA4F993 /* tips_iniciais.json */ = {isa = PBXFileReference; lastKnownFileType = text.json; path = tips_iniciais.json; sourceTree = "<group>"; };
		58F5448C9D448B9A8B3DD38B /* LiteraryExample.swift */ = {isa = PBXFileReference; lastKnownFileType = sourcecode.swift; path = LiteraryExample.swift; sourceTree = "<group>"; };
		790BABF5AA2F90362BB68E69 /* LiteraryExamplesService.swift */ = {isa = PBXFileReference; lastKnownFileType = sourcecode.swift; path = LiteraryExamplesService.swift; sourceTree = "<group>"; };
		E7CE6516954B51367BFE1F7F /* LiteraryExampleSheet.swift */ = {isa = PBXFileReference; lastKnownFileType = sourcecode.swift; path = LiteraryExampleSheet.swift; sourceTree = "<group>"; };
		6078949DFFF0736A4DEF02C0 /* literary_examples.json */ = {isa = PBXFileReference; lastKnownFileType = text.json; path = literary_examples.json; sourceTree = "<group>"; };
		680645DB9079456859A3D4A1 /* Assets.xcassets */ = {isa = PBXFileReference; lastKnownFileType = folder.assetcatalog; path = Assets.xcassets; sourceTree = "<group>"; };
		55A17BE1EDFA8DA71F0A1413 /* AppState.swift */ = {isa = PBXFileReference; lastKnownFileType = sourcecode.swift; path = AppState.swift; sourceTree = "<group>"; };
/* End PBXFileReference section */

/* Begin PBXGroup section */
		06979B9394BBCA79627BB805 = {
			isa = PBXGroup;
			children = (
				89CC8873ACB0F70B78084975 /* EscritaCriativa */,
				27FD5178E6F0A38DC09D7C1B /* Products */,
			);
			indentWidth = 4;
			sourceTree = "<group>";
			usesTabs = 0;
		};
		0E70585E89FDEFD18870AE28 /* Resources */ = {
			isa = PBXGroup;
			children = (
				6078949DFFF0736A4DEF02C0 /* literary_examples.json */,
				FD5A8AEF7D99CE694BA4F993 /* tips_iniciais.json */,
			);
			path = Resources;
			sourceTree = "<group>";
		};
		27FD5178E6F0A38DC09D7C1B /* Products */ = {
			isa = PBXGroup;
			children = (
				129FFD6BA40F270F046E7A08 /* EscritaCriativa.app */,
			);
			name = Products;
			sourceTree = "<group>";
		};
		403AB9EA7AD74CEF9B5F646F /* Models */ = {
			isa = PBXGroup;
			children = (
				55A17BE1EDFA8DA71F0A1413 /* AppState.swift */,
				EDB299F76F972D9C2035716C /* Book.swift */,
				85D079C3174A5C57D9854BC3 /* BookChunk.swift */,
				1E89E0028391A2F50E200782 /* ChatMessage.swift */,
				58F5448C9D448B9A8B3DD38B /* LiteraryExample.swift */,
				1BF16BB001CBF3A2FEF0B41A /* Note.swift */,
				4002644ADAE60A3D20F75ED4 /* Tip.swift */,
			);
			path = Models;
			sourceTree = "<group>";
		};
		742F2C9C3BC7EE901E08FD2D /* Theme */ = {
			isa = PBXGroup;
			children = (
				E6238362E02052D147F0B788 /* Theme.swift */,
			);
			path = Theme;
			sourceTree = "<group>";
		};
		89CC8873ACB0F70B78084975 /* EscritaCriativa */ = {
			isa = PBXGroup;
			children = (
				9DD8C2AF368C6D63E018B5F1 /* Info.plist */,
				680645DB9079456859A3D4A1 /* Assets.xcassets */,
				8DF06761D0A8F9D9DE2755DA /* App */,
				403AB9EA7AD74CEF9B5F646F /* Models */,
				0E70585E89FDEFD18870AE28 /* Resources */,
				B8511F90638768736FFFE91F /* Services */,
				742F2C9C3BC7EE901E08FD2D /* Theme */,
				8F98D035B4F8BF9F6B94E41A /* Views */,
			);
			path = EscritaCriativa;
			sourceTree = "<group>";
		};
		8DF06761D0A8F9D9DE2755DA /* App */ = {
			isa = PBXGroup;
			children = (
				FA5CCE803FFB0CEFD686EEB2 /* EscritaCriativaApp.swift */,
			);
			path = App;
			sourceTree = "<group>";
		};
		8F98D035B4F8BF9F6B94E41A /* Views */ = {
			isa = PBXGroup;
			children = (
				A82D81CD195DDD0AA4C39777 /* CadernoView.swift */,
				8A410C7AE315998B06B16911 /* ChatView.swift */,
				EDBA4F99BF63B8D365B021CD /* ContentView.swift */,
				434A9BE04FF22A37053190C8 /* HomeView.swift */,
				6CE1E5494918AC8E6FABBA1C /* LibraryView.swift */,
				E7CE6516954B51367BFE1F7F /* LiteraryExampleSheet.swift */,
				9B123B9672109F02C471C275 /* NoteEditorView.swift */,
				D08000E539AE49B17D812A6D /* SettingsView.swift */,
			);
			path = Views;
			sourceTree = "<group>";
		};
		B8511F90638768736FFFE91F /* Services */ = {
			isa = PBXGroup;
			children = (
				8A5C4D01A624D4AC9A5A55E5 /* DeepSeekService.swift */,
				EECEA38074247E00D5217B3B /* KeychainService.swift */,
				790BABF5AA2F90362BB68E69 /* LiteraryExamplesService.swift */,
				C95F68AD12B8F446A6864017 /* PDFIngestionService.swift */,
				B5DDC93CE2D384B5B5F2D9FD /* RAGService.swift */,
				F838B568DFF1DD495A291CA9 /* TipsService.swift */,
			);
			path = Services;
			sourceTree = "<group>";
		};
/* End PBXGroup section */

/* Begin PBXNativeTarget section */
		40A41791406EB3576E8D3512 /* EscritaCriativa */ = {
			isa = PBXNativeTarget;
			buildConfigurationList = 982BD45A1BF8AC5AF8388D14 /* Build configuration list for PBXNativeTarget "EscritaCriativa" */;
			buildPhases = (
				0063C21EA5A258D7FAD93AFE /* Sources */,
				A6FFF7864BD7FBF946181DF7 /* Resources */,
			);
			buildRules = (
			);
			dependencies = (
			);
			name = EscritaCriativa;
			packageProductDependencies = (
			);
			productName = EscritaCriativa;
			productReference = 129FFD6BA40F270F046E7A08 /* EscritaCriativa.app */;
			productType = "com.apple.product-type.application";
		};
/* End PBXNativeTarget section */

/* Begin PBXProject section */
		797FA15AD9F877E12FC41E08 /* Project object */ = {
			isa = PBXProject;
			attributes = {
				BuildIndependentTargetsInParallel = YES;
				LastUpgradeCheck = 1540;
				TargetAttributes = {
					40A41791406EB3576E8D3512 = {
						ProvisioningStyle = Automatic;
					};
				};
			};
			buildConfigurationList = D5F6CEE8C79FD823EFE1E77F /* Build configuration list for PBXProject "EscritaCriativa" */;
			compatibilityVersion = "Xcode 14.0";
			developmentRegion = en;
			hasScannedForEncodings = 0;
			knownRegions = (
				Base,
				en,
			);
			mainGroup = 06979B9394BBCA79627BB805;
			minimizedProjectReferenceProxies = 1;
			projectDirPath = "";
			projectRoot = "";
			targets = (
				40A41791406EB3576E8D3512 /* EscritaCriativa */,
			);
		};
/* End PBXProject section */

/* Begin PBXResourcesBuildPhase section */
		A6FFF7864BD7FBF946181DF7 /* Resources */ = {
			isa = PBXResourcesBuildPhase;
			buildActionMask = 2147483647;
			files = (
				A4D6917FACE5DA89BA624030 /* Assets.xcassets in Resources */,
				51B0059F36BBDD403B9F6010 /* literary_examples.json in Resources */,
				C11BBC711C656707B4F33227 /* tips_iniciais.json in Resources */,
			);
			runOnlyForDeploymentPostprocessing = 0;
		};
/* End PBXResourcesBuildPhase section */

/* Begin PBXSourcesBuildPhase section */
		0063C21EA5A258D7FAD93AFE /* Sources */ = {
			isa = PBXSourcesBuildPhase;
			buildActionMask = 2147483647;
			files = (
				A60951457A523A7059FA7ACC /* AppState.swift in Sources */,
				5B7BCFA080C779C3F95CBAFA /* Book.swift in Sources */,
				C317F59BD51FEB00B3105F28 /* BookChunk.swift in Sources */,
				9CD6162B5DA4E310E74439DF /* CadernoView.swift in Sources */,
				866D94DFD82CEC5ED0C4E024 /* ChatMessage.swift in Sources */,
				CE94453AFE383009C6C24A09 /* ChatView.swift in Sources */,
				67F0FE28913A8AEDC42262FD /* ContentView.swift in Sources */,
				67D2992F4DE5B19CCFEF8171 /* DeepSeekService.swift in Sources */,
				64E485ED43BAF6716C1505D2 /* EscritaCriativaApp.swift in Sources */,
				02055F2270DD911818D2BF15 /* HomeView.swift in Sources */,
				E8C43C696C5D7971A063C871 /* KeychainService.swift in Sources */,
				10F7BF6E71522437793A04F9 /* LibraryView.swift in Sources */,
				50F270E67398D653B1BD4C43 /* LiteraryExample.swift in Sources */,
				9891B05B5817706CD8886511 /* LiteraryExampleSheet.swift in Sources */,
				678DB0935289197E25E24D83 /* LiteraryExamplesService.swift in Sources */,
				A8119C0F9DAD2253A68CDD75 /* Note.swift in Sources */,
				985C90D77B641150855B5EB7 /* NoteEditorView.swift in Sources */,
				7DA38393DD94BD2135C0901D /* PDFIngestionService.swift in Sources */,
				B9AC54DDA98849A0E14F4881 /* RAGService.swift in Sources */,
				20678B23B61A5CA19EEEB256 /* SettingsView.swift in Sources */,
				12434F0D84964E88D817BBD4 /* Theme.swift in Sources */,
				799944873A1FB5B7582B4CD9 /* Tip.swift in Sources */,
				AAFA790C318793C6EAB81896 /* TipsService.swift in Sources */,
			);
			runOnlyForDeploymentPostprocessing = 0;
		};
/* End PBXSourcesBuildPhase section */

/* Begin XCBuildConfiguration section */
		156722152EEE936B938A85E9 /* Debug */ = {
			isa = XCBuildConfiguration;
			buildSettings = {
				ASSETCATALOG_COMPILER_APPICON_NAME = AppIcon;
				CODE_SIGN_IDENTITY = "iPhone Developer";
				CODE_SIGN_STYLE = Automatic;
				CURRENT_PROJECT_VERSION = 1;
				DEVELOPMENT_TEAM = V8XBR58473;
				INFOPLIST_FILE = EscritaCriativa/Info.plist;
				IPHONEOS_DEPLOYMENT_TARGET = 17.0;
				LD_RUNPATH_SEARCH_PATHS = (
					"$(inherited)",
					"@executable_path/Frameworks",
				);
				MARKETING_VERSION = 1.0;
				PRODUCT_BUNDLE_IDENTIFIER = com.rniepce.escritacriativa;
				SDKROOT = iphoneos;
				SWIFT_VERSION = 5.9;
				TARGETED_DEVICE_FAMILY = 1;
			};
			name = Debug;
		};
		38E93DA7D492A7E780801B52 /* Release */ = {
			isa = XCBuildConfiguration;
			buildSettings = {
				ASSETCATALOG_COMPILER_APPICON_NAME = AppIcon;
				CODE_SIGN_IDENTITY = "iPhone Developer";
				CODE_SIGN_STYLE = Automatic;
				CURRENT_PROJECT_VERSION = 1;
				DEVELOPMENT_TEAM = V8XBR58473;
				INFOPLIST_FILE = EscritaCriativa/Info.plist;
				IPHONEOS_DEPLOYMENT_TARGET = 17.0;
				LD_RUNPATH_SEARCH_PATHS = (
					"$(inherited)",
					"@executable_path/Frameworks",
				);
				MARKETING_VERSION = 1.0;
				PRODUCT_BUNDLE_IDENTIFIER = com.rniepce.escritacriativa;
				SDKROOT = iphoneos;
				SWIFT_VERSION = 5.9;
				TARGETED_DEVICE_FAMILY = 1;
			};
			name = Release;
		};
		5861B710591CB8EA6E420C03 /* Debug */ = {
			isa = XCBuildConfiguration;
			buildSettings = {
				ALWAYS_SEARCH_USER_PATHS = NO;
				CLANG_ANALYZER_NONNULL = YES;
				CLANG_ANALYZER_NUMBER_OBJECT_CONVERSION = YES_AGGRESSIVE;
				CLANG_CXX_LANGUAGE_STANDARD = "gnu++14";
				CLANG_CXX_LIBRARY = "libc++";
				CLANG_ENABLE_MODULES = YES;
				CLANG_ENABLE_OBJC_ARC = YES;
				CLANG_ENABLE_OBJC_WEAK = YES;
				CLANG_WARN_BLOCK_CAPTURE_AUTORELEASING = YES;
				CLANG_WARN_BOOL_CONVERSION = YES;
				CLANG_WARN_COMMA = YES;
				CLANG_WARN_CONSTANT_CONVERSION = YES;
				CLANG_WARN_DEPRECATED_OBJC_IMPLEMENTATIONS = YES;
				CLANG_WARN_DIRECT_OBJC_ISA_USAGE = YES_ERROR;
				CLANG_WARN_DOCUMENTATION_COMMENTS = YES;
				CLANG_WARN_EMPTY_BODY = YES;
				CLANG_WARN_ENUM_CONVERSION = YES;
				CLANG_WARN_INFINITE_RECURSION = YES;
				CLANG_WARN_INT_CONVERSION = YES;
				CLANG_WARN_NON_LITERAL_NULL_CONVERSION = YES;
				CLANG_WARN_OBJC_IMPLICIT_RETAIN_SELF = YES;
				CLANG_WARN_OBJC_LITERAL_CONVERSION = YES;
				CLANG_WARN_OBJC_ROOT_CLASS = YES_ERROR;
				CLANG_WARN_QUOTED_INCLUDE_IN_FRAMEWORK_HEADER = YES;
				CLANG_WARN_RANGE_LOOP_ANALYSIS = YES;
				CLANG_WARN_STRICT_PROTOTYPES = YES;
				CLANG_WARN_SUSPICIOUS_MOVE = YES;
				CLANG_WARN_UNGUARDED_AVAILABILITY = YES_AGGRESSIVE;
				CLANG_WARN_UNREACHABLE_CODE = YES;
				CLANG_WARN__DUPLICATE_METHOD_MATCH = YES;
				COPY_PHASE_STRIP = NO;
				DEBUG_INFORMATION_FORMAT = dwarf;
				ENABLE_STRICT_OBJC_MSGSEND = YES;
				ENABLE_TESTABILITY = YES;
				GCC_C_LANGUAGE_STANDARD = gnu11;
				GCC_DYNAMIC_NO_PIC = NO;
				GCC_NO_COMMON_BLOCKS = YES;
				GCC_OPTIMIZATION_LEVEL = 0;
				GCC_PREPROCESSOR_DEFINITIONS = (
					"$(inherited)",
					"DEBUG=1",
				);
				GCC_WARN_64_TO_32_BIT_CONVERSION = YES;
				GCC_WARN_ABOUT_RETURN_TYPE = YES_ERROR;
				GCC_WARN_UNDECLARED_SELECTOR = YES;
				GCC_WARN_UNINITIALIZED_AUTOS = YES_AGGRESSIVE;
				GCC_WARN_UNUSED_FUNCTION = YES;
				GCC_WARN_UNUSED_VARIABLE = YES;
				IPHONEOS_DEPLOYMENT_TARGET = 17.0;
				MTL_ENABLE_DEBUG_INFO = INCLUDE_SOURCE;
				MTL_FAST_MATH = YES;
				ONLY_ACTIVE_ARCH = YES;
				PRODUCT_NAME = "$(TARGET_NAME)";
				SDKROOT = iphoneos;
				SWIFT_ACTIVE_COMPILATION_CONDITIONS = DEBUG;
				SWIFT_OPTIMIZATION_LEVEL = "-Onone";
				SWIFT_VERSION = 5.0;
			};
			name = Debug;
		};
		A584840834015C6BBAC1FDD9 /* Release */ = {
			isa = XCBuildConfiguration;
			buildSettings = {
				ALWAYS_SEARCH_USER_PATHS = NO;
				CLANG_ANALYZER_NONNULL = YES;
				CLANG_ANALYZER_NUMBER_OBJECT_CONVERSION = YES_AGGRESSIVE;
				CLANG_CXX_LANGUAGE_STANDARD = "gnu++14";
				CLANG_CXX_LIBRARY = "libc++";
				CLANG_ENABLE_MODULES = YES;
				CLANG_ENABLE_OBJC_ARC = YES;
				CLANG_ENABLE_OBJC_WEAK = YES;
				CLANG_WARN_BLOCK_CAPTURE_AUTORELEASING = YES;
				CLANG_WARN_BOOL_CONVERSION = YES;
				CLANG_WARN_COMMA = YES;
				CLANG_WARN_CONSTANT_CONVERSION = YES;
				CLANG_WARN_DEPRECATED_OBJC_IMPLEMENTATIONS = YES;
				CLANG_WARN_DIRECT_OBJC_ISA_USAGE = YES_ERROR;
				CLANG_WARN_DOCUMENTATION_COMMENTS = YES;
				CLANG_WARN_EMPTY_BODY = YES;
				CLANG_WARN_ENUM_CONVERSION = YES;
				CLANG_WARN_INFINITE_RECURSION = YES;
				CLANG_WARN_INT_CONVERSION = YES;
				CLANG_WARN_NON_LITERAL_NULL_CONVERSION = YES;
				CLANG_WARN_OBJC_IMPLICIT_RETAIN_SELF = YES;
				CLANG_WARN_OBJC_LITERAL_CONVERSION = YES;
				CLANG_WARN_OBJC_ROOT_CLASS = YES_ERROR;
				CLANG_WARN_QUOTED_INCLUDE_IN_FRAMEWORK_HEADER = YES;
				CLANG_WARN_RANGE_LOOP_ANALYSIS = YES;
				CLANG_WARN_STRICT_PROTOTYPES = YES;
				CLANG_WARN_SUSPICIOUS_MOVE = YES;
				CLANG_WARN_UNGUARDED_AVAILABILITY = YES_AGGRESSIVE;
				CLANG_WARN_UNREACHABLE_CODE = YES;
				CLANG_WARN__DUPLICATE_METHOD_MATCH = YES;
				COPY_PHASE_STRIP = NO;
				DEBUG_INFORMATION_FORMAT = "dwarf-with-dsym";
				ENABLE_NS_ASSERTIONS = NO;
				ENABLE_STRICT_OBJC_MSGSEND = YES;
				GCC_C_LANGUAGE_STANDARD = gnu11;
				GCC_NO_COMMON_BLOCKS = YES;
				GCC_WARN_64_TO_32_BIT_CONVERSION = YES;
				GCC_WARN_ABOUT_RETURN_TYPE = YES_ERROR;
				GCC_WARN_UNDECLARED_SELECTOR = YES;
				GCC_WARN_UNINITIALIZED_AUTOS = YES_AGGRESSIVE;
				GCC_WARN_UNUSED_FUNCTION = YES;
				GCC_WARN_UNUSED_VARIABLE = YES;
				IPHONEOS_DEPLOYMENT_TARGET = 17.0;
				MTL_ENABLE_DEBUG_INFO = NO;
				MTL_FAST_MATH = YES;
				PRODUCT_NAME = "$(TARGET_NAME)";
				SDKROOT = iphoneos;
				SWIFT_COMPILATION_MODE = wholemodule;
				SWIFT_OPTIMIZATION_LEVEL = "-O";
				SWIFT_VERSION = 5.0;
			};
			name = Release;
		};
/* End XCBuildConfiguration section */

/* Begin XCConfigurationList section */
		982BD45A1BF8AC5AF8388D14 /* Build configuration list for PBXNativeTarget "EscritaCriativa" */ = {
			isa = XCConfigurationList;
			buildConfigurations = (
				156722152EEE936B938A85E9 /* Debug */,
				38E93DA7D492A7E780801B52 /* Release */,
			);
			defaultConfigurationIsVisible = 0;
			defaultConfigurationName = Debug;
		};
		D5F6CEE8C79FD823EFE1E77F /* Build configuration list for PBXProject "EscritaCriativa" */ = {
			isa = XCConfigurationList;
			buildConfigurations = (
				5861B710591CB8EA6E420C03 /* Debug */,
				A584840834015C6BBAC1FDD9 /* Release */,
			);
			defaultConfigurationIsVisible = 0;
			defaultConfigurationName = Debug;
		};
/* End XCConfigurationList section */
	};
	rootObject = 797FA15AD9F877E12FC41E08 /* Project object */;
}
